
Microsoft Visual Studio Solution File, Format Version 12.00
# Visual Studio Version 16
VisualStudioVersion = 16.0.28803.352
MinimumVisualStudioVersion = 10.0.40219.1
Project("{FAE04EC0-301F-11D3-BF4B-00C04F79EFBC}") = "Aslenos.UWP", "Aslenos\Aslenos.UWP\Aslenos.UWP.csproj", "{A871A5CD-B67F-4316-8874-085D3E424596}"
EndProject
Project("{FAE04EC0-301F-11D3-BF4B-00C04F79EFBC}") = "Aslenos.Android", "Aslenos\Aslenos.Android\Aslenos.Android.csproj", "{C5A75E3E-5D07-4E5D-972C-AC1301912C4A}"
EndProject
Project("{FAE04EC0-301F-11D3-BF4B-00C04F79EFBC}") = "Aslenos.iOS", "Aslenos\Aslenos.iOS\Aslenos.iOS.csproj", "{ADF79BC2-52BD-44E8-8BFC-EF84610B3E23}"
EndProject
Project("{FAE04EC0-301F-11D3-BF4B-00C04F79EFBC}") = "Aslenos.MobileAppService", "Aslenos\Aslenos.MobileAppService\Aslenos.MobileAppService.csproj", "{04AF3B28-179E-49D8-8D6E-0901201794A8}"
EndProject
Project("{FAE04EC0-301F-11D3-BF4B-00C04F79EFBC}") = "Aslenos", "Aslenos\Aslenos\Aslenos.csproj", "{B155D5D0-49CB-475F-86B0-279AC3972ECF}"
EndProject
Global
	GlobalSection(SolutionConfigurationPlatforms) = preSolution
		Debug|Any CPU = Debug|Any CPU
		Debug|ARM = Debug|ARM
		Debug|iPhone = Debug|iPhone
		Debug|iPhoneSimulator = Debug|iPhoneSimulator
		Debug|x64 = Debug|x64
		Debug|x86 = Debug|x86
		Release|Any CPU = Release|Any CPU
		Release|ARM = Release|ARM
		Release|iPhone = Release|iPhone
		Release|iPhoneSimulator = Release|iPhoneSimulator
		Release|x64 = Release|x64
		Release|x86 = Release|x86
	EndGlobalSection
	GlobalSection(ProjectConfigurationPlatforms) = postSolution
		{A871A5CD-B67F-4316-8874-085D3E424596}.Debug|Any CPU.ActiveCfg = Debug|x86
		{A871A5CD-B67F-4316-8874-085D3E424596}.Debug|Any CPU.Build.0 = Debug|x86
		{A871A5CD-B67F-4316-8874-085D3E424596}.Debug|Any CPU.Deploy.0 = Debug|x86
		{A871A5CD-B67F-4316-8874-085D3E424596}.Debug|ARM.ActiveCfg = Debug|ARM
		{A871A5CD-B67F-4316-8874-085D3E424596}.Debug|ARM.Build.0 = Debug|ARM
		{A871A5CD-B67F-4316-8874-085D3E424596}.Debug|ARM.Deploy.0 = Debug|ARM
		{A871A5CD-B67F-4316-8874-085D3E424596}.Debug|iPhone.ActiveCfg = Debug|x86
		{A871A5CD-B67F-4316-8874-085D3E424596}.Debug|iPhone.Build.0 = Debug|x86
		{A871A5CD-B67F-4316-8874-085D3E424596}.Debug|iPhone.Deploy.0 = Debug|x86
		{A871A5CD-B67F-4316-8874-085D3E424596}.Debug|iPhoneSimulator.ActiveCfg = Debug|x86
		{A871A5CD-B67F-4316-8874-085D3E424596}.Debug|iPhoneSimulator.Build.0 = Debug|x86
		{A871A5CD-B67F-4316-8874-085D3E424596}.Debug|iPhoneSimulator.Deploy.0 = Debug|x86
		{A871A5CD-B67F-4316-8874-085D3E424596}.Debug|x64.ActiveCfg = Debug|x64
		{A871A5CD-B67F-4316-8874-085D3E424596}.Debug|x64.Build.0 = Debug|x64
		{A871A5CD-B67F-4316-8874-085D3E424596}.Debug|x64.Deploy.0 = Debug|x64
		{A871A5CD-B67F-4316-8874-085D3E424596}.Debug|x86.ActiveCfg = Debug|x86
		{A871A5CD-B67F-4316-8874-085D3E424596}.Debug|x86.Build.0 = Debug|x86
		{A871A5CD-B67F-4316-8874-085D3E424596}.Debug|x86.Deploy.0 = Debug|x86
		{A871A5CD-B67F-4316-8874-085D3E424596}.Release|Any CPU.ActiveCfg = Release|x86
		{A871A5CD-B67F-4316-8874-085D3E424596}.Release|Any CPU.Build.0 = Release|x86
		{A871A5CD-B67F-4316-8874-085D3E424596}.Release|Any CPU.Deploy.0 = Release|x86
		{A871A5CD-B67F-4316-8874-085D3E424596}.Release|ARM.ActiveCfg = Release|ARM
		{A871A5CD-B67F-4316-8874-085D3E424596}.Release|ARM.Build.0 = Release|ARM
		{A871A5CD-B67F-4316-8874-085D3E424596}.Release|ARM.Deploy.0 = Release|ARM
		{A871A5CD-B67F-4316-8874-085D3E424596}.Release|iPhone.ActiveCfg = Release|x86
		{A871A5CD-B67F-4316-8874-085D3E424596}.Release|iPhone.Build.0 = Release|x86
		{A871A5CD-B67F-4316-8874-085D3E424596}.Release|iPhone.Deploy.0 = Release|x86
		{A871A5CD-B67F-4316-8874-085D3E424596}.Release|iPhoneSimulator.ActiveCfg = Release|x86
		{A871A5CD-B67F-4316-8874-085D3E424596}.Release|iPhoneSimulator.Build.0 = Release|x86
		{A871A5CD-B67F-4316-8874-085D3E424596}.Release|iPhoneSimulator.Deploy.0 = Release|x86
		{A871A5CD-B67F-4316-8874-085D3E424596}.Release|x64.ActiveCfg = Release|x64
		{A871A5CD-B67F-4316-8874-085D3E424596}.Release|x64.Build.0 = Release|x64
		{A871A5CD-B67F-4316-8874-085D3E424596}.Release|x64.Deploy.0 = Release|x64
		{A871A5CD-B67F-4316-8874-085D3E424596}.Release|x86.ActiveCfg = Release|x86
		{A871A5CD-B67F-4316-8874-085D3E424596}.Release|x86.Build.0 = Release|x86
		{A871A5CD-B67F-4316-8874-085D3E424596}.Release|x86.Deploy.0 = Release|x86
		{C5A75E3E-5D07-4E5D-972C-AC1301912C4A}.Debug|Any CPU.ActiveCfg = Debug|Any CPU
		{C5A75E3E-5D07-4E5D-972C-AC1301912C4A}.Debug|Any CPU.Build.0 = Debug|Any CPU
		{C5A75E3E-5D07-4E5D-972C-AC1301912C4A}.Debug|Any CPU.Deploy.0 = Debug|Any CPU
		{C5A75E3E-5D07-4E5D-972C-AC1301912C4A}.Debug|ARM.ActiveCfg = Debug|Any CPU
		{C5A75E3E-5D07-4E5D-972C-AC1301912C4A}.Debug|ARM.Build.0 = Debug|Any CPU
		{C5A75E3E-5D07-4E5D-972C-AC1301912C4A}.Debug|ARM.Deploy.0 = Debug|Any CPU
		{C5A75E3E-5D07-4E5D-972C-AC1301912C4A}.Debug|iPhone.ActiveCfg = Debug|Any CPU
		{C5A75E3E-5D07-4E5D-972C-AC1301912C4A}.Debug|iPhone.Build.0 = Debug|Any CPU
		{C5A75E3E-5D07-4E5D-972C-AC1301912C4A}.Debug|iPhone.Deploy.0 = Debug|Any CPU
		{C5A75E3E-5D07-4E5D-972C-AC1301912C4A}.Debug|iPhoneSimulator.ActiveCfg = Debug|Any CPU
		{C5A75E3E-5D07-4E5D-972C-AC1301912C4A}.Debug|iPhoneSimulator.Build.0 = Debug|Any CPU
		{C5A75E3E-5D07-4E5D-972C-AC1301912C4A}.Debug|iPhoneSimulator.Deploy.0 = Debug|Any CPU
		{C5A75E3E-5D07-4E5D-972C-AC1301912C4A}.Debug|x64.ActiveCfg = Debug|Any CPU
		{C5A75E3E-5D07-4E5D-972C-AC1301912C4A}.Debug|x64.Build.0 = Debug|Any CPU
		{C5A75E3E-5D07-4E5D-972C-AC1301912C4A}.Debug|x64.Deploy.0 = Debug|Any CPU
		{C5A75E3E-5D07-4E5D-972C-AC1301912C4A}.Debug|x86.ActiveCfg = Debug|Any CPU
		{C5A75E3E-5D07-4E5D-972C-AC1301912C4A}.Debug|x86.Build.0 = Debug|Any CPU
		{C5A75E3E-5D07-4E5D-972C-AC1301912C4A}.Debug|x86.Deploy.0 = Debug|Any CPU
		{C5A75E3E-5D07-4E5D-972C-AC1301912C4A}.Release|Any CPU.ActiveCfg = Release|Any CPU
		{C5A75E3E-5D07-4E5D-972C-AC1301912C4A}.Release|Any CPU.Build.0 = Release|Any CPU
		{C5A75E3E-5D07-4E5D-972C-AC1301912C4A}.Release|Any CPU.Deploy.0 = Release|Any CPU
		{C5A75E3E-5D07-4E5D-972C-AC1301912C4A}.Release|ARM.ActiveCfg = Release|Any CPU
		{C5A75E3E-5D07-4E5D-972C-AC1301912C4A}.Release|ARM.Build.0 = Release|Any CPU
		{C5A75E3E-5D07-4E5D-972C-AC1301912C4A}.Release|ARM.Deploy.0 = Release|Any CPU
		{C5A75E3E-5D07-4E5D-972C-AC1301912C4A}.Release|iPhone.ActiveCfg = Release|Any CPU
		{C5A75E3E-5D07-4E5D-972C-AC1301912C4A}.Release|iPhone.Build.0 = Release|Any CPU
		{C5A75E3E-5D07-4E5D-972C-AC1301912C4A}.Release|iPhone.Deploy.0 = Release|Any CPU
		{C5A75E3E-5D07-4E5D-972C-AC1301912C4A}.Release|iPhoneSimulator.ActiveCfg = Release|Any CPU
		{C5A75E3E-5D07-4E5D-972C-AC1301912C4A}.Release|iPhoneSimulator.Build.0 = Release|Any CPU
		{C5A75E3E-5D07-4E5D-972C-AC1301912C4A}.Release|iPhoneSimulator.Deploy.0 = Release|Any CPU
		{C5A75E3E-5D07-4E5D-972C-AC1301912C4A}.Release|x64.ActiveCfg = Release|Any CPU
		{C5A75E3E-5D07-4E5D-972C-AC1301912C4A}.Release|x64.Build.0 = Release|Any CPU
		{C5A75E3E-5D07-4E5D-972C-AC1301912C4A}.Release|x64.Deploy.0 = Release|Any CPU
		{C5A75E3E-5D07-4E5D-972C-AC1301912C4A}.Release|x86.ActiveCfg = Release|Any CPU
		{C5A75E3E-5D07-4E5D-972C-AC1301912C4A}.Release|x86.Build.0 = Release|Any CPU
		{C5A75E3E-5D07-4E5D-972C-AC1301912C4A}.Release|x86.Deploy.0 = Release|Any CPU
		{ADF79BC2-52BD-44E8-8BFC-EF84610B3E23}.Debug|Any CPU.ActiveCfg = Debug|iPhone
		{ADF79BC2-52BD-44E8-8BFC-EF84610B3E23}.Debug|Any CPU.Build.0 = Debug|iPhone
		{ADF79BC2-52BD-44E8-8BFC-EF84610B3E23}.Debug|Any CPU.Deploy.0 = Debug|iPhone
		{ADF79BC2-52BD-44E8-8BFC-EF84610B3E23}.Debug|ARM.ActiveCfg = Debug|iPhoneSimulator
		{ADF79BC2-52BD-44E8-8BFC-EF84610B3E23}.Debug|ARM.Build.0 = Debug|iPhoneSimulator
		{ADF79BC2-52BD-44E8-8BFC-EF84610B3E23}.Debug|ARM.Deploy.0 = Debug|iPhoneSimulator
		{ADF79BC2-52BD-44E8-8BFC-EF84610B3E23}.Debug|iPhone.ActiveCfg = Debug|iPhone
		{ADF79BC2-52BD-44E8-8BFC-EF84610B3E23}.Debug|iPhone.Build.0 = Debug|iPhone
		{ADF79BC2-52BD-44E8-8BFC-EF84610B3E23}.Debug|iPhone.Deploy.0 = Debug|iPhone
		{ADF79BC2-52BD-44E8-8BFC-EF84610B3E23}.Debug|iPhoneSimulator.ActiveCfg = Debug|iPhoneSimulator
		{ADF79BC2-52BD-44E8-8BFC-EF84610B3E23}.Debug|iPhoneSimulator.Build.0 = Debug|iPhoneSimulator
		{ADF79BC2-52BD-44E8-8BFC-EF84610B3E23}.Debug|iPhoneSimulator.Deploy.0 = Debug|iPhoneSimulator
		{ADF79BC2-52BD-44E8-8BFC-EF84610B3E23}.Debug|x64.ActiveCfg = Debug|iPhone
		{ADF79BC2-52BD-44E8-8BFC-EF84610B3E23}.Debug|x64.Build.0 = Debug|iPhone
		{ADF79BC2-52BD-44E8-8BFC-EF84610B3E23}.Debug|x64.Deploy.0 = Debug|iPhone
		{ADF79BC2-52BD-44E8-8BFC-EF84610B3E23}.Debug|x86.ActiveCfg = Debug|iPhone
		{ADF79BC2-52BD-44E8-8BFC-EF84610B3E23}.Debug|x86.Build.0 = Debug|iPhone
		{ADF79BC2-52BD-44E8-8BFC-EF84610B3E23}.Debug|x86.Deploy.0 = Debug|iPhone
		{ADF79BC2-52BD-44E8-8BFC-EF84610B3E23}.Release|Any CPU.ActiveCfg = Release|iPhone
		{ADF79BC2-52BD-44E8-8BFC-EF84610B3E23}.Release|Any CPU.Build.0 = Release|iPhone
		{ADF79BC2-52BD-44E8-8BFC-EF84610B3E23}.Release|Any CPU.Deploy.0 = Release|iPhone
		{ADF79BC2-52BD-44E8-8BFC-EF84610B3E23}.Release|ARM.ActiveCfg = Release|iPhone
		{ADF79BC2-52BD-44E8-8BFC-EF84610B3E23}.Release|ARM.Build.0 = Release|iPhone
		{ADF79BC2-52BD-44E8-8BFC-EF84610B3E23}.Release|ARM.Deploy.0 = Release|iPhone
		{ADF79BC2-52BD-44E8-8BFC-EF84610B3E23}.Release|iPhone.ActiveCfg = Release|iPhone
		{ADF79BC2-52BD-44E8-8BFC-EF84610B3E23}.Release|iPhone.Build.0 = Release|iPhone
		{ADF79BC2-52BD-44E8-8BFC-EF84610B3E23}.Release|iPhone.Deploy.0 = Release|iPhone
		{ADF79BC2-52BD-44E8-8BFC-EF84610B3E23}.Release|iPhoneSimulator.ActiveCfg = Release|iPhoneSimulator
		{ADF79BC2-52BD-44E8-8BFC-EF84610B3E23}.Release|iPhoneSimulator.Build.0 = Release|iPhoneSimulator
		{ADF79BC2-52BD-44E8-8BFC-EF84610B3E23}.Release|iPhoneSimulator.Deploy.0 = Release|iPhoneSimulator
		{ADF79BC2-52BD-44E8-8BFC-EF84610B3E23}.Release|x64.ActiveCfg = Release|iPhone
		{ADF79BC2-52BD-44E8-8BFC-EF84610B3E23}.Release|x64.Build.0 = Release|iPhone
		{ADF79BC2-52BD-44E8-8BFC-EF84610B3E23}.Release|x64.Deploy.0 = Release|iPhone
		{ADF79BC2-52BD-44E8-8BFC-EF84610B3E23}.Release|x86.ActiveCfg = Release|iPhone
		{ADF79BC2-52BD-44E8-8BFC-EF84610B3E23}.Release|x86.Build.0 = Release|iPhone
		{ADF79BC2-52BD-44E8-8BFC-EF84610B3E23}.Release|x86.Deploy.0 = Release|iPhone
		{04AF3B28-179E-49D8-8D6E-0901201794A8}.Debug|Any CPU.ActiveCfg = Debug|Any CPU
		{04AF3B28-179E-49D8-8D6E-0901201794A8}.Debug|Any CPU.Build.0 = Debug|Any CPU
		{04AF3B28-179E-49D8-8D6E-0901201794A8}.Debug|Any CPU.Deploy.0 = Debug|Any CPU
		{04AF3B28-179E-49D8-8D6E-0901201794A8}.Debug|ARM.ActiveCfg = Debug|Any CPU
		{04AF3B28-179E-49D8-8D6E-0901201794A8}.Debug|ARM.Build.0 = Debug|Any CPU
		{04AF3B28-179E-49D8-8D6E-0901201794A8}.Debug|ARM.Deploy.0 = Debug|Any CPU
		{04AF3B28-179E-49D8-8D6E-0901201794A8}.Debug|iPhone.ActiveCfg = Debug|Any CPU
		{04AF3B28-179E-49D8-8D6E-0901201794A8}.Debug|iPhone.Build.0 = Debug|Any CPU
		{04AF3B28-179E-49D8-8D6E-0901201794A8}.Debug|iPhone.Deploy.0 = Debug|Any CPU
		{04AF3B28-179E-49D8-8D6E-0901201794A8}.Debug|iPhoneSimulator.ActiveCfg = Debug|Any CPU
		{04AF3B28-179E-49D8-8D6E-0901201794A8}.Debug|iPhoneSimulator.Build.0 = Debug|Any CPU
		{04AF3B28-179E-49D8-8D6E-0901201794A8}.Debug|iPhoneSimulator.Deploy.0 = Debug|Any CPU
		{04AF3B28-179E-49D8-8D6E-0901201794A8}.Debug|x64.ActiveCfg = Debug|Any CPU
		{04AF3B28-179E-49D8-8D6E-0901201794A8}.Debug|x64.Build.0 = Debug|Any CPU
		{04AF3B28-179E-49D8-8D6E-0901201794A8}.Debug|x64.Deploy.0 = Debug|Any CPU
		{04AF3B28-179E-49D8-8D6E-0901201794A8}.Debug|x86.ActiveCfg = Debug|Any CPU
		{04AF3B28-179E-49D8-8D6E-0901201794A8}.Debug|x86.Build.0 = Debug|Any CPU
		{04AF3B28-179E-49D8-8D6E-0901201794A8}.Debug|x86.Deploy.0 = Debug|Any CPU
		{04AF3B28-179E-49D8-8D6E-0901201794A8}.Release|Any CPU.ActiveCfg = Release|Any CPU
		{04AF3B28-179E-49D8-8D6E-0901201794A8}.Release|Any CPU.Build.0 = Release|Any CPU
		{04AF3B28-179E-49D8-8D6E-0901201794A8}.Release|Any CPU.Deploy.0 = Release|Any CPU
		{04AF3B28-179E-49D8-8D6E-0901201794A8}.Release|ARM.ActiveCfg = Release|Any CPU
		{04AF3B28-179E-49D8-8D6E-0901201794A8}.Release|ARM.Build.0 = Release|Any CPU
		{04AF3B28-179E-49D8-8D6E-0901201794A8}.Release|ARM.Deploy.0 = Release|Any CPU
		{04AF3B28-179E-49D8-8D6E-0901201794A8}.Release|iPhone.ActiveCfg = Release|Any CPU
		{04AF3B28-179E-49D8-8D6E-0901201794A8}.Release|iPhone.Build.0 = Release|Any CPU
		{04AF3B28-179E-49D8-8D6E-0901201794A8}.Release|iPhone.Deploy.0 = Release|Any CPU
		{04AF3B28-179E-49D8-8D6E-0901201794A8}.Release|iPhoneSimulator.ActiveCfg = Release|Any CPU
		{04AF3B28-179E-49D8-8D6E-0901201794A8}.Release|iPhoneSimulator.Build.0 = Release|Any CPU
		{04AF3B28-179E-49D8-8D6E-0901201794A8}.Release|iPhoneSimulator.Deploy.0 = Release|Any CPU
		{04AF3B28-179E-49D8-8D6E-0901201794A8}.Release|x64.ActiveCfg = Release|Any CPU
		{04AF3B28-179E-49D8-8D6E-0901201794A8}.Release|x64.Build.0 = Release|Any CPU
		{04AF3B28-179E-49D8-8D6E-0901201794A8}.Release|x64.Deploy.0 = Release|Any CPU
		{04AF3B28-179E-49D8-8D6E-0901201794A8}.Release|x86.ActiveCfg = Release|Any CPU
		{04AF3B28-179E-49D8-8D6E-0901201794A8}.Release|x86.Build.0 = Release|Any CPU
		{04AF3B28-179E-49D8-8D6E-0901201794A8}.Release|x86.Deploy.0 = Release|Any CPU
		{B155D5D0-49CB-475F-86B0-279AC3972ECF}.Debug|Any CPU.ActiveCfg = Debug|Any CPU
		{B155D5D0-49CB-475F-86B0-279AC3972ECF}.Debug|Any CPU.Build.0 = Debug|Any CPU
		{B155D5D0-49CB-475F-86B0-279AC3972ECF}.Debug|Any CPU.Deploy.0 = Debug|Any CPU
		{B155D5D0-49CB-475F-86B0-279AC3972ECF}.Debug|ARM.ActiveCfg = Debug|Any CPU
		{B155D5D0-49CB-475F-86B0-279AC3972ECF}.Debug|ARM.Build.0 = Debug|Any CPU
		{B155D5D0-49CB-475F-86B0-279AC3972ECF}.Debug|ARM.Deploy.0 = Debug|Any CPU
		{B155D5D0-49CB-475F-86B0-279AC3972ECF}.Debug|iPhone.ActiveCfg = Debug|Any CPU
		{B155D5D0-49CB-475F-86B0-279AC3972ECF}.Debug|iPhone.Build.0 = Debug|Any CPU
		{B155D5D0-49CB-475F-86B0-279AC3972ECF}.Debug|iPhone.Deploy.0 = Debug|Any CPU
		{B155D5D0-49CB-475F-86B0-279AC3972ECF}.Debug|iPhoneSimulator.ActiveCfg = Debug|Any CPU
		{B155D5D0-49CB-475F-86B0-279AC3972ECF}.Debug|iPhoneSimulator.Build.0 = Debug|Any CPU
		{B155D5D0-49CB-475F-86B0-279AC3972ECF}.Debug|iPhoneSimulator.Deploy.0 = Debug|Any CPU
		{B155D5D0-49CB-475F-86B0-279AC3972ECF}.Debug|x64.ActiveCfg = Debug|Any CPU
		{B155D5D0-49CB-475F-86B0-279AC3972ECF}.Debug|x64.Build.0 = Debug|Any CPU
		{B155D5D0-49CB-475F-86B0-279AC3972ECF}.Debug|x64.Deploy.0 = Debug|Any CPU
		{B155D5D0-49CB-475F-86B0-279AC3972ECF}.Debug|x86.ActiveCfg = Debug|Any CPU
		{B155D5D0-49CB-475F-86B0-279AC3972ECF}.Debug|x86.Build.0 = Debug|Any CPU
		{B155D5D0-49CB-475F-86B0-279AC3972ECF}.Debug|x86.Deploy.0 = Debug|Any CPU
		{B155D5D0-49CB-475F-86B0-279AC3972ECF}.Release|Any CPU.ActiveCfg = Release|Any CPU
		{B155D5D0-49CB-475F-86B0-279AC3972ECF}.Release|Any CPU.Build.0 = Release|Any CPU
		{B155D5D0-49CB-475F-86B0-279AC3972ECF}.Release|Any CPU.Deploy.0 = Release|Any CPU
		{B155D5D0-49CB-475F-86B0-279AC3972ECF}.Release|ARM.ActiveCfg = Release|Any CPU
		{B155D5D0-49CB-475F-86B0-279AC3972ECF}.Release|ARM.Build.0 = Release|Any CPU
		{B155D5D0-49CB-475F-86B0-279AC3972ECF}.Release|ARM.Deploy.0 = Release|Any CPU
		{B155D5D0-49CB-475F-86B0-279AC3972ECF}.Release|iPhone.ActiveCfg = Release|Any CPU
		{B155D5D0-49CB-475F-86B0-279AC3972ECF}.Release|iPhone.Build.0 = Release|Any CPU
		{B155D5D0-49CB-475F-86B0-279AC3972ECF}.Release|iPhone.Deploy.0 = Release|Any CPU
		{B155D5D0-49CB-475F-86B0-279AC3972ECF}.Release|iPhoneSimulator.ActiveCfg = Release|Any CPU
		{B155D5D0-49CB-475F-86B0-279AC3972ECF}.Release|iPhoneSimulator.Build.0 = Release|Any CPU
		{B155D5D0-49CB-475F-86B0-279AC3972ECF}.Release|iPhoneSimulator.Deploy.0 = Release|Any CPU
		{B155D5D0-49CB-475F-86B0-279AC3972ECF}.Release|x64.ActiveCfg = Release|Any CPU
		{B155D5D0-49CB-475F-86B0-279AC3972ECF}.Release|x64.Build.0 = Release|Any CPU
		{B155D5D0-49CB-475F-86B0-279AC3972ECF}.Release|x64.Deploy.0 = Release|Any CPU
		{B155D5D0-49CB-475F-86B0-279AC3972ECF}.Release|x86.ActiveCfg = Release|Any CPU
		{B155D5D0-49CB-475F-86B0-279AC3972ECF}.Release|x86.Build.0 = Release|Any CPU
		{B155D5D0-49CB-475F-86B0-279AC3972ECF}.Release|x86.Deploy.0 = Release|Any CPU
	EndGlobalSection
	GlobalSection(SolutionProperties) = preSolution
		HideSolutionNode = FALSE
	EndGlobalSection
	GlobalSection(ExtensibilityGlobals) = postSolution
		SolutionGuid = {D6729BA5-6417-468F-B0D4-BBD1C66E76B8}
	EndGlobalSection
EndGlobal
