
Microsoft Visual Studio Solution File, Format Version 12.00
# Visual Studio Version 16
VisualStudioVersion = 16.0.28803.352
MinimumVisualStudioVersion = 10.0.40219.1
Project("{FAE04EC0-301F-11D3-BF4B-00C04F79EFBC}") = "ble_std.UWP", "ble_std\ble_std.UWP\ble_std.UWP.csproj", "{80168655-E1E5-4D2B-B7C3-4EEA35C2834D}"
EndProject
Project("{FAE04EC0-301F-11D3-BF4B-00C04F79EFBC}") = "ble_std.Android", "ble_std\ble_std.Android\ble_std.Android.csproj", "{607B9DAB-E18E-4341-8E7F-7E90F9FF1BD0}"
EndProject
Project("{FAE04EC0-301F-11D3-BF4B-00C04F79EFBC}") = "ble_std.iOS", "ble_std\ble_std.iOS\ble_std.iOS.csproj", "{FF9E0F72-8E90-467F-AB48-0CFED343999B}"
EndProject
Project("{FAE04EC0-301F-11D3-BF4B-00C04F79EFBC}") = "ble_std", "ble_std\ble_std\ble_std.csproj", "{60D5CD30-EBD7-425F-A306-4DDBE0088445}"
EndProject
Global
	GlobalSection(SolutionConfigurationPlatforms) = preSolution
		Debug|Any CPU = Debug|Any CPU
		Debug|ARM = Debug|ARM
		Debug|iPhone = Debug|iPhone
		Debug|iPhoneSimulator = Debug|iPhoneSimulator
		Debug|x64 = Debug|x64
		Debug|x86 = Debug|x86
		Release|Any CPU = Release|Any CPU
		Release|ARM = Release|ARM
		Release|iPhone = Release|iPhone
		Release|iPhoneSimulator = Release|iPhoneSimulator
		Release|x64 = Release|x64
		Release|x86 = Release|x86
	EndGlobalSection
	GlobalSection(ProjectConfigurationPlatforms) = postSolution
		{80168655-E1E5-4D2B-B7C3-4EEA35C2834D}.Debug|Any CPU.ActiveCfg = Debug|x86
		{80168655-E1E5-4D2B-B7C3-4EEA35C2834D}.Debug|Any CPU.Build.0 = Debug|x86
		{80168655-E1E5-4D2B-B7C3-4EEA35C2834D}.Debug|Any CPU.Deploy.0 = Debug|x86
		{80168655-E1E5-4D2B-B7C3-4EEA35C2834D}.Debug|ARM.ActiveCfg = Debug|ARM
		{80168655-E1E5-4D2B-B7C3-4EEA35C2834D}.Debug|ARM.Build.0 = Debug|ARM
		{80168655-E1E5-4D2B-B7C3-4EEA35C2834D}.Debug|ARM.Deploy.0 = Debug|ARM
		{80168655-E1E5-4D2B-B7C3-4EEA35C2834D}.Debug|iPhone.ActiveCfg = Debug|x86
		{80168655-E1E5-4D2B-B7C3-4EEA35C2834D}.Debug|iPhone.Build.0 = Debug|x86
		{80168655-E1E5-4D2B-B7C3-4EEA35C2834D}.Debug|iPhone.Deploy.0 = Debug|x86
		{80168655-E1E5-4D2B-B7C3-4EEA35C2834D}.Debug|iPhoneSimulator.ActiveCfg = Debug|x86
		{80168655-E1E5-4D2B-B7C3-4EEA35C2834D}.Debug|iPhoneSimulator.Build.0 = Debug|x86
		{80168655-E1E5-4D2B-B7C3-4EEA35C2834D}.Debug|iPhoneSimulator.Deploy.0 = Debug|x86
		{80168655-E1E5-4D2B-B7C3-4EEA35C2834D}.Debug|x64.ActiveCfg = Debug|x64
		{80168655-E1E5-4D2B-B7C3-4EEA35C2834D}.Debug|x64.Build.0 = Debug|x64
		{80168655-E1E5-4D2B-B7C3-4EEA35C2834D}.Debug|x64.Deploy.0 = Debug|x64
		{80168655-E1E5-4D2B-B7C3-4EEA35C2834D}.Debug|x86.ActiveCfg = Debug|x86
		{80168655-E1E5-4D2B-B7C3-4EEA35C2834D}.Debug|x86.Build.0 = Debug|x86
		{80168655-E1E5-4D2B-B7C3-4EEA35C2834D}.Debug|x86.Deploy.0 = Debug|x86
		{80168655-E1E5-4D2B-B7C3-4EEA35C2834D}.Release|Any CPU.ActiveCfg = Release|x86
		{80168655-E1E5-4D2B-B7C3-4EEA35C2834D}.Release|Any CPU.Build.0 = Release|x86
		{80168655-E1E5-4D2B-B7C3-4EEA35C2834D}.Release|Any CPU.Deploy.0 = Release|x86
		{80168655-E1E5-4D2B-B7C3-4EEA35C2834D}.Release|ARM.ActiveCfg = Release|ARM
		{80168655-E1E5-4D2B-B7C3-4EEA35C2834D}.Release|ARM.Build.0 = Release|ARM
		{80168655-E1E5-4D2B-B7C3-4EEA35C2834D}.Release|ARM.Deploy.0 = Release|ARM
		{80168655-E1E5-4D2B-B7C3-4EEA35C2834D}.Release|iPhone.ActiveCfg = Release|x86
		{80168655-E1E5-4D2B-B7C3-4EEA35C2834D}.Release|iPhone.Build.0 = Release|x86
		{80168655-E1E5-4D2B-B7C3-4EEA35C2834D}.Release|iPhone.Deploy.0 = Release|x86
		{80168655-E1E5-4D2B-B7C3-4EEA35C2834D}.Release|iPhoneSimulator.ActiveCfg = Release|x86
		{80168655-E1E5-4D2B-B7C3-4EEA35C2834D}.Release|iPhoneSimulator.Build.0 = Release|x86
		{80168655-E1E5-4D2B-B7C3-4EEA35C2834D}.Release|iPhoneSimulator.Deploy.0 = Release|x86
		{80168655-E1E5-4D2B-B7C3-4EEA35C2834D}.Release|x64.ActiveCfg = Release|x64
		{80168655-E1E5-4D2B-B7C3-4EEA35C2834D}.Release|x64.Build.0 = Release|x64
		{80168655-E1E5-4D2B-B7C3-4EEA35C2834D}.Release|x64.Deploy.0 = Release|x64
		{80168655-E1E5-4D2B-B7C3-4EEA35C2834D}.Release|x86.ActiveCfg = Release|x86
		{80168655-E1E5-4D2B-B7C3-4EEA35C2834D}.Release|x86.Build.0 = Release|x86
		{80168655-E1E5-4D2B-B7C3-4EEA35C2834D}.Release|x86.Deploy.0 = Release|x86
		{607B9DAB-E18E-4341-8E7F-7E90F9FF1BD0}.Debug|Any CPU.ActiveCfg = Debug|Any CPU
		{607B9DAB-E18E-4341-8E7F-7E90F9FF1BD0}.Debug|Any CPU.Build.0 = Debug|Any CPU
		{607B9DAB-E18E-4341-8E7F-7E90F9FF1BD0}.Debug|Any CPU.Deploy.0 = Debug|Any CPU
		{607B9DAB-E18E-4341-8E7F-7E90F9FF1BD0}.Debug|ARM.ActiveCfg = Debug|Any CPU
		{607B9DAB-E18E-4341-8E7F-7E90F9FF1BD0}.Debug|ARM.Build.0 = Debug|Any CPU
		{607B9DAB-E18E-4341-8E7F-7E90F9FF1BD0}.Debug|ARM.Deploy.0 = Debug|Any CPU
		{607B9DAB-E18E-4341-8E7F-7E90F9FF1BD0}.Debug|iPhone.ActiveCfg = Debug|Any CPU
		{607B9DAB-E18E-4341-8E7F-7E90F9FF1BD0}.Debug|iPhone.Build.0 = Debug|Any CPU
		{607B9DAB-E18E-4341-8E7F-7E90F9FF1BD0}.Debug|iPhone.Deploy.0 = Debug|Any CPU
		{607B9DAB-E18E-4341-8E7F-7E90F9FF1BD0}.Debug|iPhoneSimulator.ActiveCfg = Debug|Any CPU
		{607B9DAB-E18E-4341-8E7F-7E90F9FF1BD0}.Debug|iPhoneSimulator.Build.0 = Debug|Any CPU
		{607B9DAB-E18E-4341-8E7F-7E90F9FF1BD0}.Debug|iPhoneSimulator.Deploy.0 = Debug|Any CPU
		{607B9DAB-E18E-4341-8E7F-7E90F9FF1BD0}.Debug|x64.ActiveCfg = Debug|Any CPU
		{607B9DAB-E18E-4341-8E7F-7E90F9FF1BD0}.Debug|x64.Build.0 = Debug|Any CPU
		{607B9DAB-E18E-4341-8E7F-7E90F9FF1BD0}.Debug|x64.Deploy.0 = Debug|Any CPU
		{607B9DAB-E18E-4341-8E7F-7E90F9FF1BD0}.Debug|x86.ActiveCfg = Debug|Any CPU
		{607B9DAB-E18E-4341-8E7F-7E90F9FF1BD0}.Debug|x86.Build.0 = Debug|Any CPU
		{607B9DAB-E18E-4341-8E7F-7E90F9FF1BD0}.Debug|x86.Deploy.0 = Debug|Any CPU
		{607B9DAB-E18E-4341-8E7F-7E90F9FF1BD0}.Release|Any CPU.ActiveCfg = Release|Any CPU
		{607B9DAB-E18E-4341-8E7F-7E90F9FF1BD0}.Release|Any CPU.Build.0 = Release|Any CPU
		{607B9DAB-E18E-4341-8E7F-7E90F9FF1BD0}.Release|Any CPU.Deploy.0 = Release|Any CPU
		{607B9DAB-E18E-4341-8E7F-7E90F9FF1BD0}.Release|ARM.ActiveCfg = Release|Any CPU
		{607B9DAB-E18E-4341-8E7F-7E90F9FF1BD0}.Release|ARM.Build.0 = Release|Any CPU
		{607B9DAB-E18E-4341-8E7F-7E90F9FF1BD0}.Release|ARM.Deploy.0 = Release|Any CPU
		{607B9DAB-E18E-4341-8E7F-7E90F9FF1BD0}.Release|iPhone.ActiveCfg = Release|Any CPU
		{607B9DAB-E18E-4341-8E7F-7E90F9FF1BD0}.Release|iPhone.Build.0 = Release|Any CPU
		{607B9DAB-E18E-4341-8E7F-7E90F9FF1BD0}.Release|iPhone.Deploy.0 = Release|Any CPU
		{607B9DAB-E18E-4341-8E7F-7E90F9FF1BD0}.Release|iPhoneSimulator.ActiveCfg = Release|Any CPU
		{607B9DAB-E18E-4341-8E7F-7E90F9FF1BD0}.Release|iPhoneSimulator.Build.0 = Release|Any CPU
		{607B9DAB-E18E-4341-8E7F-7E90F9FF1BD0}.Release|iPhoneSimulator.Deploy.0 = Release|Any CPU
		{607B9DAB-E18E-4341-8E7F-7E90F9FF1BD0}.Release|x64.ActiveCfg = Release|Any CPU
		{607B9DAB-E18E-4341-8E7F-7E90F9FF1BD0}.Release|x64.Build.0 = Release|Any CPU
		{607B9DAB-E18E-4341-8E7F-7E90F9FF1BD0}.Release|x64.Deploy.0 = Release|Any CPU
		{607B9DAB-E18E-4341-8E7F-7E90F9FF1BD0}.Release|x86.ActiveCfg = Release|Any CPU
		{607B9DAB-E18E-4341-8E7F-7E90F9FF1BD0}.Release|x86.Build.0 = Release|Any CPU
		{607B9DAB-E18E-4341-8E7F-7E90F9FF1BD0}.Release|x86.Deploy.0 = Release|Any CPU
		{FF9E0F72-8E90-467F-AB48-0CFED343999B}.Debug|Any CPU.ActiveCfg = Debug|iPhone
		{FF9E0F72-8E90-467F-AB48-0CFED343999B}.Debug|Any CPU.Build.0 = Debug|iPhone
		{FF9E0F72-8E90-467F-AB48-0CFED343999B}.Debug|Any CPU.Deploy.0 = Debug|iPhone
		{FF9E0F72-8E90-467F-AB48-0CFED343999B}.Debug|ARM.ActiveCfg = Debug|iPhoneSimulator
		{FF9E0F72-8E90-467F-AB48-0CFED343999B}.Debug|ARM.Build.0 = Debug|iPhoneSimulator
		{FF9E0F72-8E90-467F-AB48-0CFED343999B}.Debug|ARM.Deploy.0 = Debug|iPhoneSimulator
		{FF9E0F72-8E90-467F-AB48-0CFED343999B}.Debug|iPhone.ActiveCfg = Debug|iPhone
		{FF9E0F72-8E90-467F-AB48-0CFED343999B}.Debug|iPhone.Build.0 = Debug|iPhone
		{FF9E0F72-8E90-467F-AB48-0CFED343999B}.Debug|iPhone.Deploy.0 = Debug|iPhone
		{FF9E0F72-8E90-467F-AB48-0CFED343999B}.Debug|iPhoneSimulator.ActiveCfg = Debug|iPhoneSimulator
		{FF9E0F72-8E90-467F-AB48-0CFED343999B}.Debug|iPhoneSimulator.Build.0 = Debug|iPhoneSimulator
		{FF9E0F72-8E90-467F-AB48-0CFED343999B}.Debug|iPhoneSimulator.Deploy.0 = Debug|iPhoneSimulator
		{FF9E0F72-8E90-467F-AB48-0CFED343999B}.Debug|x64.ActiveCfg = Debug|iPhone
		{FF9E0F72-8E90-467F-AB48-0CFED343999B}.Debug|x64.Build.0 = Debug|iPhone
		{FF9E0F72-8E90-467F-AB48-0CFED343999B}.Debug|x64.Deploy.0 = Debug|iPhone
		{FF9E0F72-8E90-467F-AB48-0CFED343999B}.Debug|x86.ActiveCfg = Debug|iPhone
		{FF9E0F72-8E90-467F-AB48-0CFED343999B}.Debug|x86.Build.0 = Debug|iPhone
		{FF9E0F72-8E90-467F-AB48-0CFED343999B}.Debug|x86.Deploy.0 = Debug|iPhone
		{FF9E0F72-8E90-467F-AB48-0CFED343999B}.Release|Any CPU.ActiveCfg = Release|iPhone
		{FF9E0F72-8E90-467F-AB48-0CFED343999B}.Release|Any CPU.Build.0 = Release|iPhone
		{FF9E0F72-8E90-467F-AB48-0CFED343999B}.Release|Any CPU.Deploy.0 = Release|iPhone
		{FF9E0F72-8E90-467F-AB48-0CFED343999B}.Release|ARM.ActiveCfg = Release|iPhone
		{FF9E0F72-8E90-467F-AB48-0CFED343999B}.Release|ARM.Build.0 = Release|iPhone
		{FF9E0F72-8E90-467F-AB48-0CFED343999B}.Release|ARM.Deploy.0 = Release|iPhone
		{FF9E0F72-8E90-467F-AB48-0CFED343999B}.Release|iPhone.ActiveCfg = Release|iPhone
		{FF9E0F72-8E90-467F-AB48-0CFED343999B}.Release|iPhone.Build.0 = Release|iPhone
		{FF9E0F72-8E90-467F-AB48-0CFED343999B}.Release|iPhone.Deploy.0 = Release|iPhone
		{FF9E0F72-8E90-467F-AB48-0CFED343999B}.Release|iPhoneSimulator.ActiveCfg = Release|iPhoneSimulator
		{FF9E0F72-8E90-467F-AB48-0CFED343999B}.Release|iPhoneSimulator.Build.0 = Release|iPhoneSimulator
		{FF9E0F72-8E90-467F-AB48-0CFED343999B}.Release|iPhoneSimulator.Deploy.0 = Release|iPhoneSimulator
		{FF9E0F72-8E90-467F-AB48-0CFED343999B}.Release|x64.ActiveCfg = Release|iPhone
		{FF9E0F72-8E90-467F-AB48-0CFED343999B}.Release|x64.Build.0 = Release|iPhone
		{FF9E0F72-8E90-467F-AB48-0CFED343999B}.Release|x64.Deploy.0 = Release|iPhone
		{FF9E0F72-8E90-467F-AB48-0CFED343999B}.Release|x86.ActiveCfg = Release|iPhone
		{FF9E0F72-8E90-467F-AB48-0CFED343999B}.Release|x86.Build.0 = Release|iPhone
		{FF9E0F72-8E90-467F-AB48-0CFED343999B}.Release|x86.Deploy.0 = Release|iPhone
		{60D5CD30-EBD7-425F-A306-4DDBE0088445}.Debug|Any CPU.ActiveCfg = Debug|Any CPU
		{60D5CD30-EBD7-425F-A306-4DDBE0088445}.Debug|Any CPU.Build.0 = Debug|Any CPU
		{60D5CD30-EBD7-425F-A306-4DDBE0088445}.Debug|Any CPU.Deploy.0 = Debug|Any CPU
		{60D5CD30-EBD7-425F-A306-4DDBE0088445}.Debug|ARM.ActiveCfg = Debug|Any CPU
		{60D5CD30-EBD7-425F-A306-4DDBE0088445}.Debug|ARM.Build.0 = Debug|Any CPU
		{60D5CD30-EBD7-425F-A306-4DDBE0088445}.Debug|ARM.Deploy.0 = Debug|Any CPU
		{60D5CD30-EBD7-425F-A306-4DDBE0088445}.Debug|iPhone.ActiveCfg = Debug|Any CPU
		{60D5CD30-EBD7-425F-A306-4DDBE0088445}.Debug|iPhone.Build.0 = Debug|Any CPU
		{60D5CD30-EBD7-425F-A306-4DDBE0088445}.Debug|iPhone.Deploy.0 = Debug|Any CPU
		{60D5CD30-EBD7-425F-A306-4DDBE0088445}.Debug|iPhoneSimulator.ActiveCfg = Debug|Any CPU
		{60D5CD30-EBD7-425F-A306-4DDBE0088445}.Debug|iPhoneSimulator.Build.0 = Debug|Any CPU
		{60D5CD30-EBD7-425F-A306-4DDBE0088445}.Debug|iPhoneSimulator.Deploy.0 = Debug|Any CPU
		{60D5CD30-EBD7-425F-A306-4DDBE0088445}.Debug|x64.ActiveCfg = Debug|Any CPU
		{60D5CD30-EBD7-425F-A306-4DDBE0088445}.Debug|x64.Build.0 = Debug|Any CPU
		{60D5CD30-EBD7-425F-A306-4DDBE0088445}.Debug|x64.Deploy.0 = Debug|Any CPU
		{60D5CD30-EBD7-425F-A306-4DDBE0088445}.Debug|x86.ActiveCfg = Debug|Any CPU
		{60D5CD30-EBD7-425F-A306-4DDBE0088445}.Debug|x86.Build.0 = Debug|Any CPU
		{60D5CD30-EBD7-425F-A306-4DDBE0088445}.Debug|x86.Deploy.0 = Debug|Any CPU
		{60D5CD30-EBD7-425F-A306-4DDBE0088445}.Release|Any CPU.ActiveCfg = Release|Any CPU
		{60D5CD30-EBD7-425F-A306-4DDBE0088445}.Release|Any CPU.Build.0 = Release|Any CPU
		{60D5CD30-EBD7-425F-A306-4DDBE0088445}.Release|Any CPU.Deploy.0 = Release|Any CPU
		{60D5CD30-EBD7-425F-A306-4DDBE0088445}.Release|ARM.ActiveCfg = Release|Any CPU
		{60D5CD30-EBD7-425F-A306-4DDBE0088445}.Release|ARM.Build.0 = Release|Any CPU
		{60D5CD30-EBD7-425F-A306-4DDBE0088445}.Release|ARM.Deploy.0 = Release|Any CPU
		{60D5CD30-EBD7-425F-A306-4DDBE0088445}.Release|iPhone.ActiveCfg = Release|Any CPU
		{60D5CD30-EBD7-425F-A306-4DDBE0088445}.Release|iPhone.Build.0 = Release|Any CPU
		{60D5CD30-EBD7-425F-A306-4DDBE0088445}.Release|iPhone.Deploy.0 = Release|Any CPU
		{60D5CD30-EBD7-425F-A306-4DDBE0088445}.Release|iPhoneSimulator.ActiveCfg = Release|Any CPU
		{60D5CD30-EBD7-425F-A306-4DDBE0088445}.Release|iPhoneSimulator.Build.0 = Release|Any CPU
		{60D5CD30-EBD7-425F-A306-4DDBE0088445}.Release|iPhoneSimulator.Deploy.0 = Release|Any CPU
		{60D5CD30-EBD7-425F-A306-4DDBE0088445}.Release|x64.ActiveCfg = Release|Any CPU
		{60D5CD30-EBD7-425F-A306-4DDBE0088445}.Release|x64.Build.0 = Release|Any CPU
		{60D5CD30-EBD7-425F-A306-4DDBE0088445}.Release|x64.Deploy.0 = Release|Any CPU
		{60D5CD30-EBD7-425F-A306-4DDBE0088445}.Release|x86.ActiveCfg = Release|Any CPU
		{60D5CD30-EBD7-425F-A306-4DDBE0088445}.Release|x86.Build.0 = Release|Any CPU
		{60D5CD30-EBD7-425F-A306-4DDBE0088445}.Release|x86.Deploy.0 = Release|Any CPU
	EndGlobalSection
	GlobalSection(SolutionProperties) = preSolution
		HideSolutionNode = FALSE
	EndGlobalSection
	GlobalSection(ExtensibilityGlobals) = postSolution
		SolutionGuid = {BEEA1C88-4E11-424F-881A-912812F16635}
	EndGlobalSection
EndGlobal
